# THIS IS AN AUTOGENERATED FILE. DO NOT EDIT THIS FILE DIRECTLY.
# yarn lockfile v1


"@tauri-apps/api@^1.0.2":
  version "1.0.2"
  resolved "https://repo.huaweicloud.com/repository/npm/@tauri-apps/api/-/api-1.0.2.tgz#5228720e35d50fd08df87067dc29e7306c1f7a10"
  integrity sha512-yuNW0oeJ1/ZA7wNF1KgxhHrSu5viPVzY/UgUczzN5ptLM8dH15Juy5rEGkoHfeXGju90Y/l22hi3BtIrp/za+w==

"@tauri-apps/cli-darwin-arm64@1.0.5":
  version "1.0.5"
  resolved "https://repo.huaweicloud.com/repository/npm/@tauri-apps/cli-darwin-arm64/-/cli-darwin-arm64-1.0.5.tgz#6fd17a8d9e0e7982b5c9887639407fdec783a744"
  integrity sha512-oxpFb9ZeMiC3xPUJ9NsXWCnnwFSVkPbJUvDKpc9IaoDIUpsMTV72W4P0Nh0uQRbyhx4modPpstt7+ONypNVYNg==

"@tauri-apps/cli-darwin-x64@1.0.5":
  version "1.0.5"
  resolved "https://repo.huaweicloud.com/repository/npm/@tauri-apps/cli-darwin-x64/-/cli-darwin-x64-1.0.5.tgz#6aaaadd68739c4c4f86546f3d17b2fb60a5a0c04"
  integrity sha512-hRNYC6L9edz2dEqK33tssPylF2ti6x6udidBlGWc5GSoeEb/05qKMEA1MESQYKBG+4q+wjJvACA2vvz6AfgJ3Q==

"@tauri-apps/cli-linux-arm-gnueabihf@1.0.5":
  version "1.0.5"
  resolved "https://repo.huaweicloud.com/repository/npm/@tauri-apps/cli-linux-arm-gnueabihf/-/cli-linux-arm-gnueabihf-1.0.5.tgz#d2d01c8b85ee3771656386bfda3852af8ed811da"
  integrity sha512-hc/Jp3TtFpxB8XVkLEwWy7MNcUBlS8rNCafQBUt4KSElXB+/oGo50jPO+wd5GSMSOR59UCzH08v11P0b+sAa/w==

"@tauri-apps/cli-linux-arm64-gnu@1.0.5":
  version "1.0.5"
  resolved "https://repo.huaweicloud.com/repository/npm/@tauri-apps/cli-linux-arm64-gnu/-/cli-linux-arm64-gnu-1.0.5.tgz#7ca848120c2e90b57188aaa9daee11cf29e2e2f4"
  integrity sha512-btFlkD2PG+yzJBZzWeJmyCy8ZV+iys2Jl66Fs4g9lSi3KrBDnyfQ26RpGZb2pRfkkcVP8/x1WSfByO+Rj+PTBA==

"@tauri-apps/cli-linux-arm64-musl@1.0.5":
  version "1.0.5"
  resolved "https://repo.huaweicloud.com/repository/npm/@tauri-apps/cli-linux-arm64-musl/-/cli-linux-arm64-musl-1.0.5.tgz#5ba65790849e0737f560f3ccd12f7a2a88c25b23"
  integrity sha512-p5JFdWab2AWhfgAZW/mgOLu+YiIJXKV0NdATGmdiBgQCMmz1k/FM8iOFApCgGbo3/zkR58cJ7Z7hyWmQ07M6Pw==

"@tauri-apps/cli-linux-x64-gnu@1.0.5":
  version "1.0.5"
  resolved "https://repo.huaweicloud.com/repository/npm/@tauri-apps/cli-linux-x64-gnu/-/cli-linux-x64-gnu-1.0.5.tgz#d06430c608316cb5a29ec805d4c5d078a293c3ae"
  integrity sha512-fOXR635AXxwSO7MCfBhMLnGpcg1H83XGw9ocuyg4jjvtE8QoYPwC4ksfb5lLhDVMui9iIKY93NAK3EkQiSGGmQ==

"@tauri-apps/cli-linux-x64-musl@1.0.5":
  version "1.0.5"
  resolved "https://repo.huaweicloud.com/repository/npm/@tauri-apps/cli-linux-x64-musl/-/cli-linux-x64-musl-1.0.5.tgz#813c90531f4001453e73b3ad2d4c75929412a249"
  integrity sha512-8be4zJVkuMs427JqONhFx5Ia5zWsQ5tbZXd80C3dHNL+5/3VIOK6nGQ0iijyZSLXiE9JKEH2jp1EHB+1TVJRcw==

"@tauri-apps/cli-win32-ia32-msvc@1.0.5":
  version "1.0.5"
  resolved "https://repo.huaweicloud.com/repository/npm/@tauri-apps/cli-win32-ia32-msvc/-/cli-win32-ia32-msvc-1.0.5.tgz#a3eb6f56c3f4ba35f6311e1fb31bd30e6892b316"
  integrity sha512-WpnIfzS1e4InGhvd1IDSKC3w6kbI5c6oJgMmtkMTBlhjhiZXhZmQF4XA784A5Y13pzsbXnbNJKOp8DuPVkoTRQ==

"@tauri-apps/cli-win32-x64-msvc@1.0.5":
  version "1.0.5"
  resolved "https://repo.huaweicloud.com/repository/npm/@tauri-apps/cli-win32-x64-msvc/-/cli-win32-x64-msvc-1.0.5.tgz#f1e0860166e8f86b550e35aaf22ef95d6da5a7c8"
  integrity sha512-8iEhVD3X4LZfrlxEPOV+mAj4QrJrEqKTICiJnwmgjvhYQOOsNHzg5kca7pcBbqcgorQOBydLpfGJtxWRusVPaw==

"@tauri-apps/cli@^1.0.5":
  version "1.0.5"
  resolved "https://repo.huaweicloud.com/repository/npm/@tauri-apps/cli/-/cli-1.0.5.tgz#a15a61e8467be29277b72707c4189c58c33d94bf"
  integrity sha512-vbY+MwK+xN65x0R/o16UQPxBtJl8pmzVzC0TZKokZfmeOkomoqOEOinSwznAMeyR1ZMJW+fXVgJCPvGsRQ0LGg==
  optionalDependencies:
    "@tauri-apps/cli-darwin-arm64" "1.0.5"
    "@tauri-apps/cli-darwin-x64" "1.0.5"
    "@tauri-apps/cli-linux-arm-gnueabihf" "1.0.5"
    "@tauri-apps/cli-linux-arm64-gnu" "1.0.5"
    "@tauri-apps/cli-linux-arm64-musl" "1.0.5"
    "@tauri-apps/cli-linux-x64-gnu" "1.0.5"
    "@tauri-apps/cli-linux-x64-musl" "1.0.5"
    "@tauri-apps/cli-win32-ia32-msvc" "1.0.5"
    "@tauri-apps/cli-win32-x64-msvc" "1.0.5"

cross-env@^7.0.3:
  version "7.0.3"
  resolved "https://repo.huaweicloud.com/repository/npm/cross-env/-/cross-env-7.0.3.tgz#865264b29677dc015ba8418918965dd232fc54cf"
  integrity sha512-+/HKd6EgcQCJGh2PSjZuUitQBQynKor4wrFbRg4DtAgS1aWO+gU52xpH7M9ScGgXSYmAVS9bIJ8EzuaGw0oNAw==
  dependencies:
    cross-spawn "^7.0.1"

cross-spawn@^7.0.1:
  version "7.0.3"
  resolved "https://repo.huaweicloud.com/repository/npm/cross-spawn/-/cross-spawn-7.0.3.tgz#f73a85b9d5d41d045551c177e2882d4ac85728a6"
  integrity sha512-iRDPJKUPVEND7dHPO8rkbOnPpyDygcDFtWjpeWNCgy8WP2rXcxXL8TskReQl6OrB2G7+UJrags1q15Fudc7G6w==
  dependencies:
    path-key "^3.1.0"
    shebang-command "^2.0.0"
    which "^2.0.1"

isexe@^2.0.0:
  version "2.0.0"
  resolved "https://repo.huaweicloud.com/repository/npm/isexe/-/isexe-2.0.0.tgz#e8fbf374dc556ff8947a10dcb0572d633f2cfa10"
  integrity sha512-RHxMLp9lnKHGHRng9QFhRCMbYAcVpn69smSGcq3f36xjgVVWThj4qqLbTLlq7Ssj8B+fIQ1EuCEGI2lKsyQeIw==

path-key@^3.1.0:
  version "3.1.1"
  resolved "https://repo.huaweicloud.com/repository/npm/path-key/-/path-key-3.1.1.tgz#581f6ade658cbba65a0d3380de7753295054f375"
  integrity sha512-ojmeN0qd+y0jszEtoY48r0Peq5dwMEkIlCOu6Q5f41lfkswXuKtYrhgoTpLnyIcHm24Uhqx+5Tqm2InSwLhE6Q==

shebang-command@^2.0.0:
  version "2.0.0"
  resolved "https://repo.huaweicloud.com/repository/npm/shebang-command/-/shebang-command-2.0.0.tgz#ccd0af4f8835fbdc265b82461aaf0c36663f34ea"
  integrity sha512-kHxr2zZpYtdmrN1qDjrrX/Z1rR1kG8Dx+gkpK1G4eXmvXswmcE1hTWBWYUzlraYw1/yZp6YuDY77YtvbN0dmDA==
  dependencies:
    shebang-regex "^3.0.0"

shebang-regex@^3.0.0:
  version "3.0.0"
  resolved "https://repo.huaweicloud.com/repository/npm/shebang-regex/-/shebang-regex-3.0.0.tgz#ae16f1644d873ecad843b0307b143362d4c42172"
  integrity sha512-7++dFhtcx3353uBaq8DDR4NuxBetBzC7ZQOhmTQInHEd6bSrXdiEyzCvG07Z44UYdLShWUyXt5M/yhz8ekcb1A==

which@^2.0.1:
  version "2.0.2"
  resolved "https://repo.huaweicloud.com/repository/npm/which/-/which-2.0.2.tgz#7c6a8dd0a636a0327e10b59c9286eee93f3f51b1"
  integrity sha512-BLI3Tl1TW3Pvl70l3yq3Y64i+awpwXqsGBYWkkqMtnbXgrMD+yj7rhW0kuEDxzJaYXGjEW5ogapKNMEKNMjibA==
  dependencies:
    isexe "^2.0.0"
